
Microsoft Visual Studio Solution File, Format Version 12.00
# Visual Studio Version 16
VisualStudioVersion = 16.0.31105.61
MinimumVisualStudioVersion = 10.0.40219.1
Project("{8BC9CEB8-8B4A-11D0-8D11-00A0C91BC942}") = "prob1-3", "prob1-3.vcxproj", "{1318B2C0-DC63-492B-A699-639BC03172F9}"
EndProject
Global
	GlobalSection(SolutionConfigurationPlatforms) = preSolution
		Debug|x64 = Debug|x64
		Debug|x86 = Debug|x86
		Release|x64 = Release|x64
		Release|x86 = Release|x86
	EndGlobalSection
	GlobalSection(ProjectConfigurationPlatforms) = postSolution
		{1318B2C0-DC63-492B-A699-639BC03172F9}.Debug|x64.ActiveCfg = Debug|x64
		{1318B2C0-DC63-492B-A699-639BC03172F9}.Debug|x64.Build.0 = Debug|x64
		{1318B2C0-DC63-492B-A699-639BC03172F9}.Debug|x86.ActiveCfg = Debug|Win32
		{1318B2C0-DC63-492B-A699-639BC03172F9}.Debug|x86.Build.0 = Debug|Win32
		{1318B2C0-DC63-492B-A699-639BC03172F9}.Release|x64.ActiveCfg = Release|x64
		{1318B2C0-DC63-492B-A699-639BC03172F9}.Release|x64.Build.0 = Release|x64
		{1318B2C0-DC63-492B-A699-639BC03172F9}.Release|x86.ActiveCfg = Release|Win32
		{1318B2C0-DC63-492B-A699-639BC03172F9}.Release|x86.Build.0 = Release|Win32
	EndGlobalSection
	GlobalSection(SolutionProperties) = preSolution
		HideSolutionNode = FALSE
	EndGlobalSection
	GlobalSection(ExtensibilityGlobals) = postSolution
		SolutionGuid = {9764EE19-836E-45D8-9A50-4839EA9C07A3}
	EndGlobalSection
EndGlobal
