
Microsoft Visual Studio Solution File, Format Version 12.00
# Visual Studio Version 16
VisualStudioVersion = 16.0.31105.61
MinimumVisualStudioVersion = 10.0.40219.1
Project("{8BC9CEB8-8B4A-11D0-8D11-00A0C91BC942}") = "prob3-3", "prob3-3.vcxproj", "{219A12E3-D717-43ED-9BFC-877E99BF96DC}"
EndProject
Global
	GlobalSection(SolutionConfigurationPlatforms) = preSolution
		Debug|x64 = Debug|x64
		Debug|x86 = Debug|x86
		Release|x64 = Release|x64
		Release|x86 = Release|x86
	EndGlobalSection
	GlobalSection(ProjectConfigurationPlatforms) = postSolution
		{219A12E3-D717-43ED-9BFC-877E99BF96DC}.Debug|x64.ActiveCfg = Debug|x64
		{219A12E3-D717-43ED-9BFC-877E99BF96DC}.Debug|x64.Build.0 = Debug|x64
		{219A12E3-D717-43ED-9BFC-877E99BF96DC}.Debug|x86.ActiveCfg = Debug|Win32
		{219A12E3-D717-43ED-9BFC-877E99BF96DC}.Debug|x86.Build.0 = Debug|Win32
		{219A12E3-D717-43ED-9BFC-877E99BF96DC}.Release|x64.ActiveCfg = Release|x64
		{219A12E3-D717-43ED-9BFC-877E99BF96DC}.Release|x64.Build.0 = Release|x64
		{219A12E3-D717-43ED-9BFC-877E99BF96DC}.Release|x86.ActiveCfg = Release|Win32
		{219A12E3-D717-43ED-9BFC-877E99BF96DC}.Release|x86.Build.0 = Release|Win32
	EndGlobalSection
	GlobalSection(SolutionProperties) = preSolution
		HideSolutionNode = FALSE
	EndGlobalSection
	GlobalSection(ExtensibilityGlobals) = postSolution
		SolutionGuid = {B8687344-7666-438B-945A-8B635157840A}
	EndGlobalSection
EndGlobal
